
Microsoft Visual Studio Solution File, Format Version 12.00
# Visual Studio Version 16
VisualStudioVersion = 16.0.30503.244
MinimumVisualStudioVersion = 10.0.40219.1
Project("{9A19103F-16F7-4668-BE54-9A1E7A4F7556}") = "Shattuck.Runtime", "Shattuck.Runtime\Shattuck.Runtime.csproj", "{EFE92296-721B-48B3-B0E0-B992E8889654}"
EndProject
Project("{9A19103F-16F7-4668-BE54-9A1E7A4F7556}") = "Shattuck.Tests", "Shattuck.Tests\Shattuck.Tests.csproj", "{ECD45955-6AFD-498A-BF87-9901DB56C087}"
	ProjectSection(ProjectDependencies) = postProject
		{EFE92296-721B-48B3-B0E0-B992E8889654} = {EFE92296-721B-48B3-B0E0-B992E8889654}
	EndProjectSection
EndProject
Project("{2150E333-8FDC-42A3-9474-1A3956D46DE8}") = "Solution Items", "Solution Items", "{D0A452E7-41CC-45FB-A5C9-E160B7062D61}"
	ProjectSection(SolutionItems) = preProject
		ReadMe.txt = ReadMe.txt
	EndProjectSection
EndProject
Global
	GlobalSection(SolutionConfigurationPlatforms) = preSolution
		Debug|Any CPU = Debug|Any CPU
		Release|Any CPU = Release|Any CPU
	EndGlobalSection
	GlobalSection(ProjectConfigurationPlatforms) = postSolution
		{EFE92296-721B-48B3-B0E0-B992E8889654}.Debug|Any CPU.ActiveCfg = Debug|Any CPU
		{EFE92296-721B-48B3-B0E0-B992E8889654}.Debug|Any CPU.Build.0 = Debug|Any CPU
		{EFE92296-721B-48B3-B0E0-B992E8889654}.Release|Any CPU.ActiveCfg = Release|Any CPU
		{EFE92296-721B-48B3-B0E0-B992E8889654}.Release|Any CPU.Build.0 = Release|Any CPU
		{ECD45955-6AFD-498A-BF87-9901DB56C087}.Debug|Any CPU.ActiveCfg = Debug|Any CPU
		{ECD45955-6AFD-498A-BF87-9901DB56C087}.Debug|Any CPU.Build.0 = Debug|Any CPU
		{ECD45955-6AFD-498A-BF87-9901DB56C087}.Release|Any CPU.ActiveCfg = Release|Any CPU
		{ECD45955-6AFD-498A-BF87-9901DB56C087}.Release|Any CPU.Build.0 = Release|Any CPU
	EndGlobalSection
	GlobalSection(SolutionProperties) = preSolution
		HideSolutionNode = FALSE
	EndGlobalSection
	GlobalSection(ExtensibilityGlobals) = postSolution
		SolutionGuid = {0A1FA8D3-1120-46B6-8B57-1FA506CFEDE3}
	EndGlobalSection
EndGlobal
